// !$*UTF8*$!
{
	archiveVersion = 1;
	classes = {
	};
	objectVersion = 55;
	objects = {

/* Begin PBXBuildFile section */
		B6DBAA4B29AF42E500633DBF /* AppDelegate.swift in Sources */ = {isa = PBXBuildFile; fileRef = B6DBAA4A29AF42E500633DBF /* AppDelegate.swift */; };
		B6DBAA4D29AF42E500633DBF /* SceneDelegate.swift in Sources */ = {isa = PBXBuildFile; fileRef = B6DBAA4C29AF42E500633DBF /* SceneDelegate.swift */; };
		B6DBAA5429AF42E700633DBF /* Assets.xcassets in Resources */ = {isa = PBXBuildFile; fileRef = B6DBAA5329AF42E700633DBF /* Assets.xcassets */; };
		B6DBAA5729AF42E700633DBF /* LaunchScreen.storyboard in Resources */ = {isa = PBXBuildFile; fileRef = B6DBAA5529AF42E700633DBF /* LaunchScreen.storyboard */; };
		B6DBAA6229AF44C700633DBF /* MainViewController.swift in Sources */ = {isa = PBXBuildFile; fileRef = B6DBAA6129AF44C700633DBF /* MainViewController.swift */; };
		B6DBAA6529AF65EA00633DBF /* SnapKit in Frameworks */ = {isa = PBXBuildFile; productRef = B6DBAA6429AF65EA00633DBF /* SnapKit */; };
		B6DBAA6829AF65F500633DBF /* Then in Frameworks */ = {isa = PBXBuildFile; productRef = B6DBAA6729AF65F500633DBF /* Then */; };
		B6DBAA6A29AF667B00633DBF /* FetchImageView.swift in Sources */ = {isa = PBXBuildFile; fileRef = B6DBAA6929AF667B00633DBF /* FetchImageView.swift */; };
		B6DBAA6C29AF726B00633DBF /* LoadImageTableViewCell.swift in Sources */ = {isa = PBXBuildFile; fileRef = B6DBAA6B29AF726B00633DBF /* LoadImageTableViewCell.swift */; };
/* End PBXBuildFile section */

/* Begin PBXFileReference section */
		B6DBAA4729AF42E500633DBF /* PreOnboarding.app */ = {isa = PBXFileReference; explicitFileType = wrapper.application; includeInIndex = 0; path = PreOnboarding.app; sourceTree = BUILT_PRODUCTS_DIR; };
		B6DBAA4A29AF42E500633DBF /* AppDelegate.swift */ = {isa = PBXFileReference; lastKnownFileType = sourcecode.swift; path = AppDelegate.swift; sourceTree = "<group>"; };
		B6DBAA4C29AF42E500633DBF /* SceneDelegate.swift */ = {isa = PBXFileReference; lastKnownFileType = sourcecode.swift; path = SceneDelegate.swift; sourceTree = "<group>"; };
		B6DBAA5329AF42E700633DBF /* Assets.xcassets */ = {isa = PBXFileReference; lastKnownFileType = folder.assetcatalog; path = Assets.xcassets; sourceTree = "<group>"; };
		B6DBAA5629AF42E700633DBF /* Base */ = {isa = PBXFileReference; lastKnownFileType = file.storyboard; name = Base; path = Base.lproj/LaunchScreen.storyboard; sourceTree = "<group>"; };
		B6DBAA5829AF42E700633DBF /* Info.plist */ = {isa = PBXFileReference; lastKnownFileType = text.plist.xml; path = Info.plist; sourceTree = "<group>"; };
		B6DBAA6129AF44C700633DBF /* MainViewController.swift */ = {isa = PBXFileReference; lastKnownFileType = sourcecode.swift; path = MainViewController.swift; sourceTree = "<group>"; };
		B6DBAA6929AF667B00633DBF /* FetchImageView.swift */ = {isa = PBXFileReference; lastKnownFileType = sourcecode.swift; path = FetchImageView.swift; sourceTree = "<group>"; };
		B6DBAA6B29AF726B00633DBF /* LoadImageTableViewCell.swift */ = {isa = PBXFileReference; lastKnownFileType = sourcecode.swift; path = LoadImageTableViewCell.swift; sourceTree = "<group>"; };
/* End PBXFileReference section */

/* Begin PBXFrameworksBuildPhase section */
		B6DBAA4429AF42E500633DBF /* Frameworks */ = {
			isa = PBXFrameworksBuildPhase;
			buildActionMask = 2147483647;
			files = (
				B6DBAA6529AF65EA00633DBF /* SnapKit in Frameworks */,
				B6DBAA6829AF65F500633DBF /* Then in Frameworks */,
			);
			runOnlyForDeploymentPostprocessing = 0;
		};
/* End PBXFrameworksBuildPhase section */

/* Begin PBXGroup section */
		B6DBAA3E29AF42E500633DBF = {
			isa = PBXGroup;
			children = (
				B6DBAA4929AF42E500633DBF /* PreOnboarding */,
				B6DBAA4829AF42E500633DBF /* Products */,
			);
			sourceTree = "<group>";
		};
		B6DBAA4829AF42E500633DBF /* Products */ = {
			isa = PBXGroup;
			children = (
				B6DBAA4729AF42E500633DBF /* PreOnboarding.app */,
			);
			name = Products;
			sourceTree = "<group>";
		};
		B6DBAA4929AF42E500633DBF /* PreOnboarding */ = {
			isa = PBXGroup;
			children = (
				B6DBAA6029AF435900633DBF /* Resources */,
				B6DBAA5F29AF434C00633DBF /* Sources */,
				B6DBAA5E29AF430800633DBF /* Application */,
			);
			path = PreOnboarding;
			sourceTree = "<group>";
		};
		B6DBAA5E29AF430800633DBF /* Application */ = {
			isa = PBXGroup;
			children = (
				B6DBAA4A29AF42E500633DBF /* AppDelegate.swift */,
				B6DBAA4C29AF42E500633DBF /* SceneDelegate.swift */,
			);
			path = Application;
			sourceTree = "<group>";
		};
		B6DBAA5F29AF434C00633DBF /* Sources */ = {
			isa = PBXGroup;
			children = (
				B6DBAA6129AF44C700633DBF /* MainViewController.swift */,
				B6DBAA6929AF667B00633DBF /* FetchImageView.swift */,
				B6DBAA6B29AF726B00633DBF /* LoadImageTableViewCell.swift */,
			);
			path = Sources;
			sourceTree = "<group>";
		};
		B6DBAA6029AF435900633DBF /* Resources */ = {
			isa = PBXGroup;
			children = (
				B6DBAA5329AF42E700633DBF /* Assets.xcassets */,
				B6DBAA5529AF42E700633DBF /* LaunchScreen.storyboard */,
				B6DBAA5829AF42E700633DBF /* Info.plist */,
			);
			path = Resources;
			sourceTree = "<group>";
		};
/* End PBXGroup section */

/* Begin PBXNativeTarget section */
		B6DBAA4629AF42E500633DBF /* PreOnboarding */ = {
			isa = PBXNativeTarget;
			buildConfigurationList = B6DBAA5B29AF42E700633DBF /* Build configuration list for PBXNativeTarget "PreOnboarding" */;
			buildPhases = (
				B6DBAA4329AF42E500633DBF /* Sources */,
				B6DBAA4429AF42E500633DBF /* Frameworks */,
				B6DBAA4529AF42E500633DBF /* Resources */,
			);
			buildRules = (
			);
			dependencies = (
			);
			name = PreOnboarding;
			packageProductDependencies = (
				B6DBAA6429AF65EA00633DBF /* SnapKit */,
				B6DBAA6729AF65F500633DBF /* Then */,
			);
			productName = PreOnboarding;
			productReference = B6DBAA4729AF42E500633DBF /* PreOnboarding.app */;
			productType = "com.apple.product-type.application";
		};
/* End PBXNativeTarget section */

/* Begin PBXProject section */
		B6DBAA3F29AF42E500633DBF /* Project object */ = {
			isa = PBXProject;
			attributes = {
				BuildIndependentTargetsInParallel = 1;
				LastSwiftUpdateCheck = 1340;
				LastUpgradeCheck = 1340;
				TargetAttributes = {
					B6DBAA4629AF42E500633DBF = {
						CreatedOnToolsVersion = 13.4.1;
					};
				};
			};
			buildConfigurationList = B6DBAA4229AF42E500633DBF /* Build configuration list for PBXProject "PreOnboarding" */;
			compatibilityVersion = "Xcode 13.0";
			developmentRegion = en;
			hasScannedForEncodings = 0;
			knownRegions = (
				en,
				Base,
			);
			mainGroup = B6DBAA3E29AF42E500633DBF;
			packageReferences = (
				B6DBAA6329AF65EA00633DBF /* XCRemoteSwiftPackageReference "SnapKit" */,
				B6DBAA6629AF65F500633DBF /* XCRemoteSwiftPackageReference "Then" */,
			);
			productRefGroup = B6DBAA4829AF42E500633DBF /* Products */;
			projectDirPath = "";
			projectRoot = "";
			targets = (
				B6DBAA4629AF42E500633DBF /* PreOnboarding */,
			);
		};
/* End PBXProject section */

/* Begin PBXResourcesBuildPhase section */
		B6DBAA4529AF42E500633DBF /* Resources */ = {
			isa = PBXResourcesBuildPhase;
			buildActionMask = 2147483647;
			files = (
				B6DBAA5729AF42E700633DBF /* LaunchScreen.storyboard in Resources */,
				B6DBAA5429AF42E700633DBF /* Assets.xcassets in Resources */,
			);
			runOnlyForDeploymentPostprocessing = 0;
		};
/* End PBXResourcesBuildPhase section */

/* Begin PBXSourcesBuildPhase section */
		B6DBAA4329AF42E500633DBF /* Sources */ = {
			isa = PBXSourcesBuildPhase;
			buildActionMask = 2147483647;
			files = (
				B6DBAA6229AF44C700633DBF /* MainViewController.swift in Sources */,
				B6DBAA4B29AF42E500633DBF /* AppDelegate.swift in Sources */,
				B6DBAA6C29AF726B00633DBF /* LoadImageTableViewCell.swift in Sources */,
				B6DBAA4D29AF42E500633DBF /* SceneDelegate.swift in Sources */,
				B6DBAA6A29AF667B00633DBF /* FetchImageView.swift in Sources */,
			);
			runOnlyForDeploymentPostprocessing = 0;
		};
/* End PBXSourcesBuildPhase section */

/* Begin PBXVariantGroup section */
		B6DBAA5529AF42E700633DBF /* LaunchScreen.storyboard */ = {
			isa = PBXVariantGroup;
			children = (
				B6DBAA5629AF42E700633DBF /* Base */,
			);
			name = LaunchScreen.storyboard;
			sourceTree = "<group>";
		};
/* End PBXVariantGroup section */

/* Begin XCBuildConfiguration section */
		B6DBAA5929AF42E700633DBF /* Debug */ = {
			isa = XCBuildConfiguration;
			buildSettings = {
				ALWAYS_SEARCH_USER_PATHS = NO;
				CLANG_ANALYZER_NONNULL = YES;
				CLANG_ANALYZER_NUMBER_OBJECT_CONVERSION = YES_AGGRESSIVE;
				CLANG_CXX_LANGUAGE_STANDARD = "gnu++17";
				CLANG_ENABLE_MODULES = YES;
				CLANG_ENABLE_OBJC_ARC = YES;
				CLANG_ENABLE_OBJC_WEAK = YES;
				CLANG_WARN_BLOCK_CAPTURE_AUTORELEASING = YES;
				CLANG_WARN_BOOL_CONVERSION = YES;
				CLANG_WARN_COMMA = YES;
				CLANG_WARN_CONSTANT_CONVERSION = YES;
				CLANG_WARN_DEPRECATED_OBJC_IMPLEMENTATIONS = YES;
				CLANG_WARN_DIRECT_OBJC_ISA_USAGE = YES_ERROR;
				CLANG_WARN_DOCUMENTATION_COMMENTS = YES;
				CLANG_WARN_EMPTY_BODY = YES;
				CLANG_WARN_ENUM_CONVERSION = YES;
				CLANG_WARN_INFINITE_RECURSION = YES;
				CLANG_WARN_INT_CONVERSION = YES;
				CLANG_WARN_NON_LITERAL_NULL_CONVERSION = YES;
				CLANG_WARN_OBJC_IMPLICIT_RETAIN_SELF = YES;
				CLANG_WARN_OBJC_LITERAL_CONVERSION = YES;
				CLANG_WARN_OBJC_ROOT_CLASS = YES_ERROR;
				CLANG_WARN_QUOTED_INCLUDE_IN_FRAMEWORK_HEADER = YES;
				CLANG_WARN_RANGE_LOOP_ANALYSIS = YES;
				CLANG_WARN_STRICT_PROTOTYPES = YES;
				CLANG_WARN_SUSPICIOUS_MOVE = YES;
				CLANG_WARN_UNGUARDED_AVAILABILITY = YES_AGGRESSIVE;
				CLANG_WARN_UNREACHABLE_CODE = YES;
				CLANG_WARN__DUPLICATE_METHOD_MATCH = YES;
				COPY_PHASE_STRIP = NO;
				DEBUG_INFORMATION_FORMAT = dwarf;
				ENABLE_STRICT_OBJC_MSGSEND = YES;
				ENABLE_TESTABILITY = YES;
				GCC_C_LANGUAGE_STANDARD = gnu11;
				GCC_DYNAMIC_NO_PIC = NO;
				GCC_NO_COMMON_BLOCKS = YES;
				GCC_OPTIMIZATION_LEVEL = 0;
				GCC_PREPROCESSOR_DEFINITIONS = (
					"DEBUG=1",
					"$(inherited)",
				);
				GCC_WARN_64_TO_32_BIT_CONVERSION = YES;
				GCC_WARN_ABOUT_RETURN_TYPE = YES_ERROR;
				GCC_WARN_UNDECLARED_SELECTOR = YES;
				GCC_WARN_UNINITIALIZED_AUTOS = YES_AGGRESSIVE;
				GCC_WARN_UNUSED_FUNCTION = YES;
				GCC_WARN_UNUSED_VARIABLE = YES;
				IPHONEOS_DEPLOYMENT_TARGET = 15.5;
				MTL_ENABLE_DEBUG_INFO = INCLUDE_SOURCE;
				MTL_FAST_MATH = YES;
				ONLY_ACTIVE_ARCH = YES;
				SDKROOT = iphoneos;
				SWIFT_ACTIVE_COMPILATION_CONDITIONS = DEBUG;
				SWIFT_OPTIMIZATION_LEVEL = "-Onone";
			};
			name = Debug;
		};
		B6DBAA5A29AF42E700633DBF /* Release */ = {
			isa = XCBuildConfiguration;
			buildSettings = {
				ALWAYS_SEARCH_USER_PATHS = NO;
				CLANG_ANALYZER_NONNULL = YES;
				CLANG_ANALYZER_NUMBER_OBJECT_CONVERSION = YES_AGGRESSIVE;
				CLANG_CXX_LANGUAGE_STANDARD = "gnu++17";
				CLANG_ENABLE_MODULES = YES;
				CLANG_ENABLE_OBJC_ARC = YES;
				CLANG_ENABLE_OBJC_WEAK = YES;
				CLANG_WARN_BLOCK_CAPTURE_AUTORELEASING = YES;
				CLANG_WARN_BOOL_CONVERSION = YES;
				CLANG_WARN_COMMA = YES;
				CLANG_WARN_CONSTANT_CONVERSION = YES;
				CLANG_WARN_DEPRECATED_OBJC_IMPLEMENTATIONS = YES;
				CLANG_WARN_DIRECT_OBJC_ISA_USAGE = YES_ERROR;
				CLANG_WARN_DOCUMENTATION_COMMENTS = YES;
				CLANG_WARN_EMPTY_BODY = YES;
				CLANG_WARN_ENUM_CONVERSION = YES;
				CLANG_WARN_INFINITE_RECURSION = YES;
				CLANG_WARN_INT_CONVERSION = YES;
				CLANG_WARN_NON_LITERAL_NULL_CONVERSION = YES;
				CLANG_WARN_OBJC_IMPLICIT_RETAIN_SELF = YES;
				CLANG_WARN_OBJC_LITERAL_CONVERSION = YES;
				CLANG_WARN_OBJC_ROOT_CLASS = YES_ERROR;
				CLANG_WARN_QUOTED_INCLUDE_IN_FRAMEWORK_HEADER = YES;
				CLANG_WARN_RANGE_LOOP_ANALYSIS = YES;
				CLANG_WARN_STRICT_PROTOTYPES = YES;
				CLANG_WARN_SUSPICIOUS_MOVE = YES;
				CLANG_WARN_UNGUARDED_AVAILABILITY = YES_AGGRESSIVE;
				CLANG_WARN_UNREACHABLE_CODE = YES;
				CLANG_WARN__DUPLICATE_METHOD_MATCH = YES;
				COPY_PHASE_STRIP = NO;
				DEBUG_INFORMATION_FORMAT = "dwarf-with-dsym";
				ENABLE_NS_ASSERTIONS = NO;
				ENABLE_STRICT_OBJC_MSGSEND = YES;
				GCC_C_LANGUAGE_STANDARD = gnu11;
				GCC_NO_COMMON_BLOCKS = YES;
				GCC_WARN_64_TO_32_BIT_CONVERSION = YES;
				GCC_WARN_ABOUT_RETURN_TYPE = YES_ERROR;
				GCC_WARN_UNDECLARED_SELECTOR = YES;
				GCC_WARN_UNINITIALIZED_AUTOS = YES_AGGRESSIVE;
				GCC_WARN_UNUSED_FUNCTION = YES;
				GCC_WARN_UNUSED_VARIABLE = YES;
				IPHONEOS_DEPLOYMENT_TARGET = 15.5;
				MTL_ENABLE_DEBUG_INFO = NO;
				MTL_FAST_MATH = YES;
				SDKROOT = iphoneos;
				SWIFT_COMPILATION_MODE = wholemodule;
				SWIFT_OPTIMIZATION_LEVEL = "-O";
				VALIDATE_PRODUCT = YES;
			};
			name = Release;
		};
		B6DBAA5C29AF42E700633DBF /* Debug */ = {
			isa = XCBuildConfiguration;
			buildSettings = {
				ASSETCATALOG_COMPILER_APPICON_NAME = AppIcon;
				ASSETCATALOG_COMPILER_GLOBAL_ACCENT_COLOR_NAME = AccentColor;
				CODE_SIGN_STYLE = Automatic;
				CURRENT_PROJECT_VERSION = 1;
				DEVELOPMENT_TEAM = XK2FZR7MVH;
				GENERATE_INFOPLIST_FILE = YES;
				INFOPLIST_FILE = PreOnboarding/Resources/Info.plist;
				INFOPLIST_KEY_UIApplicationSupportsIndirectInputEvents = YES;
				INFOPLIST_KEY_UILaunchStoryboardName = LaunchScreen;
				INFOPLIST_KEY_UISupportedInterfaceOrientations_iPad = "UIInterfaceOrientationPortrait UIInterfaceOrientationPortraitUpsideDown UIInterfaceOrientationLandscapeLeft UIInterfaceOrientationLandscapeRight";
				INFOPLIST_KEY_UISupportedInterfaceOrientations_iPhone = "UIInterfaceOrientationPortrait UIInterfaceOrientationLandscapeLeft UIInterfaceOrientationLandscapeRight";
				LD_RUNPATH_SEARCH_PATHS = (
					"$(inherited)",
					"@executable_path/Frameworks",
				);
				MARKETING_VERSION = 1.0;
				PRODUCT_BUNDLE_IDENTIFIER = netLee.PreOnboarding;
				PRODUCT_NAME = "$(TARGET_NAME)";
				SWIFT_EMIT_LOC_STRINGS = YES;
				SWIFT_VERSION = 5.0;
				TARGETED_DEVICE_FAMILY = "1,2";
			};
			name = Debug;
		};
		B6DBAA5D29AF42E700633DBF /* Release */ = {
			isa = XCBuildConfiguration;
			buildSettings = {
				ASSETCATALOG_COMPILER_APPICON_NAME = AppIcon;
				ASSETCATALOG_COMPILER_GLOBAL_ACCENT_COLOR_NAME = AccentColor;
				CODE_SIGN_STYLE = Automatic;
				CURRENT_PROJECT_VERSION = 1;
				DEVELOPMENT_TEAM = XK2FZR7MVH;
				GENERATE_INFOPLIST_FILE = YES;
				INFOPLIST_FILE = PreOnboarding/Resources/Info.plist;
				INFOPLIST_KEY_UIApplicationSupportsIndirectInputEvents = YES;
				INFOPLIST_KEY_UILaunchStoryboardName = LaunchScreen;
				INFOPLIST_KEY_UISupportedInterfaceOrientations_iPad = "UIInterfaceOrientationPortrait UIInterfaceOrientationPortraitUpsideDown UIInterfaceOrientationLandscapeLeft UIInterfaceOrientationLandscapeRight";
				INFOPLIST_KEY_UISupportedInterfaceOrientations_iPhone = "UIInterfaceOrientationPortrait UIInterfaceOrientationLandscapeLeft UIInterfaceOrientationLandscapeRight";
				LD_RUNPATH_SEARCH_PATHS = (
					"$(inherited)",
					"@executable_path/Frameworks",
				);
				MARKETING_VERSION = 1.0;
				PRODUCT_BUNDLE_IDENTIFIER = netLee.PreOnboarding;
				PRODUCT_NAME = "$(TARGET_NAME)";
				SWIFT_EMIT_LOC_STRINGS = YES;
				SWIFT_VERSION = 5.0;
				TARGETED_DEVICE_FAMILY = "1,2";
			};
			name = Release;
		};
/* End XCBuildConfiguration section */

/* Begin XCConfigurationList section */
		B6DBAA4229AF42E500633DBF /* Build configuration list for PBXProject "PreOnboarding" */ = {
			isa = XCConfigurationList;
			buildConfigurations = (
				B6DBAA5929AF42E700633DBF /* Debug */,
				B6DBAA5A29AF42E700633DBF /* Release */,
			);
			defaultConfigurationIsVisible = 0;
			defaultConfigurationName = Release;
		};
		B6DBAA5B29AF42E700633DBF /* Build configuration list for PBXNativeTarget "PreOnboarding" */ = {
			isa = XCConfigurationList;
			buildConfigurations = (
				B6DBAA5C29AF42E700633DBF /* Debug */,
				B6DBAA5D29AF42E700633DBF /* Release */,
			);
			defaultConfigurationIsVisible = 0;
			defaultConfigurationName = Release;
		};
/* End XCConfigurationList section */

/* Begin XCRemoteSwiftPackageReference section */
		B6DBAA6329AF65EA00633DBF /* XCRemoteSwiftPackageReference "SnapKit" */ = {
			isa = XCRemoteSwiftPackageReference;
			repositoryURL = "https://github.com/SnapKit/SnapKit";
			requirement = {
				kind = upToNextMajorVersion;
				minimumVersion = 5.0.0;
			};
		};
		B6DBAA6629AF65F500633DBF /* XCRemoteSwiftPackageReference "Then" */ = {
			isa = XCRemoteSwiftPackageReference;
			repositoryURL = "https://github.com/devxoul/Then";
			requirement = {
				kind = upToNextMajorVersion;
				minimumVersion = 3.0.0;
			};
		};
/* End XCRemoteSwiftPackageReference section */

/* Begin XCSwiftPackageProductDependency section */
		B6DBAA6429AF65EA00633DBF /* SnapKit */ = {
			isa = XCSwiftPackageProductDependency;
			package = B6DBAA6329AF65EA00633DBF /* XCRemoteSwiftPackageReference "SnapKit" */;
			productName = SnapKit;
		};
		B6DBAA6729AF65F500633DBF /* Then */ = {
			isa = XCSwiftPackageProductDependency;
			package = B6DBAA6629AF65F500633DBF /* XCRemoteSwiftPackageReference "Then" */;
			productName = Then;
		};
/* End XCSwiftPackageProductDependency section */
	};
	rootObject = B6DBAA3F29AF42E500633DBF /* Project object */;
}
